<Solution>
  <Folder Name="/1 - Front-end/">
    <Project Path="src/MundoDev.Mvc/MundoDev.Mvc.csproj" />
    <Project Path="src/MundoDev.Template.Mvc/MundoDev.Template.Mvc.csproj" />
  </Folder>
  <Folder Name="/2 - Back-end/">
    <Project Path="src/MundoDev.Business/MundoDev.Business.csproj" />
    <Project Path="src/MundoDev.Data/MundoDev.Data.csproj" />
    <Project Path="src/MundoDev.Helper/MundoDev.Helper.csproj" />
  </Folder>
  <Folder Name="/3 - Tests/">
    <Project Path="src/MundoDev.Tests/MundoDev.Tests.csproj" />
  </Folder>
</Solution>
